// !$*UTF8*$!
{
	archiveVersion = 1;
	classes = {
	};
	objectVersion = 47;
	objects = {

/* Begin PBXBuildFile section */
		327A03B91D151E0400436825 /* AppDelegate.swift in Sources */ = {isa = PBXBuildFile; fileRef = 327A03B81D151E0400436825 /* AppDelegate.swift */; };
		327A03BB1D151E0400436825 /* TwitterLoginViewController.swift in Sources */ = {isa = PBXBuildFile; fileRef = 327A03BA1D151E0400436825 /* TwitterLoginViewController.swift */; };
		327A03BE1D151E0400436825 /* Main.storyboard in Resources */ = {isa = PBXBuildFile; fileRef = 327A03BC1D151E0400436825 /* Main.storyboard */; };
		327A03C01D151E0400436825 /* Assets.xcassets in Resources */ = {isa = PBXBuildFile; fileRef = 327A03BF1D151E0400436825 /* Assets.xcassets */; };
		327A03C31D151E0400436825 /* LaunchScreen.storyboard in Resources */ = {isa = PBXBuildFile; fileRef = 327A03C11D151E0400436825 /* LaunchScreen.storyboard */; };
		327A03CE1D151E0400436825 /* The_Little_BirdTests.swift in Sources */ = {isa = PBXBuildFile; fileRef = 327A03CD1D151E0400436825 /* The_Little_BirdTests.swift */; };
		327A03D91D151E0400436825 /* The_Little_BirdUITests.swift in Sources */ = {isa = PBXBuildFile; fileRef = 327A03D81D151E0400436825 /* The_Little_BirdUITests.swift */; };
		327A04021D15228100436825 /* BorderedButton.swift in Sources */ = {isa = PBXBuildFile; fileRef = 327A04011D15228100436825 /* BorderedButton.swift */; };
		327A04061D1522C300436825 /* TwitterClient.swift in Sources */ = {isa = PBXBuildFile; fileRef = 327A04051D1522C300436825 /* TwitterClient.swift */; };
		327A04081D1522CE00436825 /* TwitterConstants.swift in Sources */ = {isa = PBXBuildFile; fileRef = 327A04071D1522CE00436825 /* TwitterConstants.swift */; };
		32F3EDF91D15F4CF0049CDCB /* TwitterSearchTimelineTableController.swift in Sources */ = {isa = PBXBuildFile; fileRef = 32F3EDF81D15F4CF0049CDCB /* TwitterSearchTimelineTableController.swift */; };
		53483C5D5BC6C0FB76FB1A2A /* Pods_The_Little_BirdTests.framework in Frameworks */ = {isa = PBXBuildFile; fileRef = 1BC634315603631417F68B52 /* Pods_The_Little_BirdTests.framework */; };
		6BB15376AD2A8270DCD5E78D /* Pods_The_Little_BirdUITests.framework in Frameworks */ = {isa = PBXBuildFile; fileRef = 61E6247B93C357AE41095698 /* Pods_The_Little_BirdUITests.framework */; };
		AD80CB544C4BCB3E75A63053 /* Pods_The_Little_Bird.framework in Frameworks */ = {isa = PBXBuildFile; fileRef = 18319DC4F9156E3152F7E878 /* Pods_The_Little_Bird.framework */; };
/* End PBXBuildFile section */

/* Begin PBXContainerItemProxy section */
		327A03CA1D151E0400436825 /* PBXContainerItemProxy */ = {
			isa = PBXContainerItemProxy;
			containerPortal = 327A03AD1D151E0300436825 /* Project object */;
			proxyType = 1;
			remoteGlobalIDString = 327A03B41D151E0400436825;
			remoteInfo = "The Little Bird";
		};
		327A03D51D151E0400436825 /* PBXContainerItemProxy */ = {
			isa = PBXContainerItemProxy;
			containerPortal = 327A03AD1D151E0300436825 /* Project object */;
			proxyType = 1;
			remoteGlobalIDString = 327A03B41D151E0400436825;
			remoteInfo = "The Little Bird";
		};
/* End PBXContainerItemProxy section */

/* Begin PBXFileReference section */
		18319DC4F9156E3152F7E878 /* Pods_The_Little_Bird.framework */ = {isa = PBXFileReference; explicitFileType = wrapper.framework; includeInIndex = 0; path = Pods_The_Little_Bird.framework; sourceTree = BUILT_PRODUCTS_DIR; };
		1BC634315603631417F68B52 /* Pods_The_Little_BirdTests.framework */ = {isa = PBXFileReference; explicitFileType = wrapper.framework; includeInIndex = 0; path = Pods_The_Little_BirdTests.framework; sourceTree = BUILT_PRODUCTS_DIR; };
		327A03B51D151E0400436825 /* The Little Bird.app */ = {isa = PBXFileReference; explicitFileType = wrapper.application; includeInIndex = 0; path = "The Little Bird.app"; sourceTree = BUILT_PRODUCTS_DIR; };
		327A03B81D151E0400436825 /* AppDelegate.swift */ = {isa = PBXFileReference; lastKnownFileType = sourcecode.swift; path = AppDelegate.swift; sourceTree = "<group>"; };
		327A03BA1D151E0400436825 /* TwitterLoginViewController.swift */ = {isa = PBXFileReference; lastKnownFileType = sourcecode.swift; path = TwitterLoginViewController.swift; sourceTree = "<group>"; };
		327A03BD1D151E0400436825 /* Base */ = {isa = PBXFileReference; lastKnownFileType = file.storyboard; name = Base; path = Base.lproj/Main.storyboard; sourceTree = "<group>"; };
		327A03BF1D151E0400436825 /* Assets.xcassets */ = {isa = PBXFileReference; lastKnownFileType = folder.assetcatalog; path = Assets.xcassets; sourceTree = "<group>"; };
		327A03C21D151E0400436825 /* Base */ = {isa = PBXFileReference; lastKnownFileType = file.storyboard; name = Base; path = Base.lproj/LaunchScreen.storyboard; sourceTree = "<group>"; };
		327A03C41D151E0400436825 /* Info.plist */ = {isa = PBXFileReference; lastKnownFileType = text.plist.xml; path = Info.plist; sourceTree = "<group>"; };
		327A03C91D151E0400436825 /* The Little BirdTests.xctest */ = {isa = PBXFileReference; explicitFileType = wrapper.cfbundle; includeInIndex = 0; path = "The Little BirdTests.xctest"; sourceTree = BUILT_PRODUCTS_DIR; };
		327A03CD1D151E0400436825 /* The_Little_BirdTests.swift */ = {isa = PBXFileReference; lastKnownFileType = sourcecode.swift; path = The_Little_BirdTests.swift; sourceTree = "<group>"; };
		327A03CF1D151E0400436825 /* Info.plist */ = {isa = PBXFileReference; lastKnownFileType = text.plist.xml; path = Info.plist; sourceTree = "<group>"; };
		327A03D41D151E0400436825 /* The Little BirdUITests.xctest */ = {isa = PBXFileReference; explicitFileType = wrapper.cfbundle; includeInIndex = 0; path = "The Little BirdUITests.xctest"; sourceTree = BUILT_PRODUCTS_DIR; };
		327A03D81D151E0400436825 /* The_Little_BirdUITests.swift */ = {isa = PBXFileReference; lastKnownFileType = sourcecode.swift; path = The_Little_BirdUITests.swift; sourceTree = "<group>"; };
		327A03DA1D151E0400436825 /* Info.plist */ = {isa = PBXFileReference; lastKnownFileType = text.plist.xml; path = Info.plist; sourceTree = "<group>"; };
		327A04011D15228100436825 /* BorderedButton.swift */ = {isa = PBXFileReference; fileEncoding = 4; lastKnownFileType = sourcecode.swift; path = BorderedButton.swift; sourceTree = "<group>"; };
		327A04051D1522C300436825 /* TwitterClient.swift */ = {isa = PBXFileReference; fileEncoding = 4; lastKnownFileType = sourcecode.swift; path = TwitterClient.swift; sourceTree = "<group>"; };
		327A04071D1522CE00436825 /* TwitterConstants.swift */ = {isa = PBXFileReference; fileEncoding = 4; lastKnownFileType = sourcecode.swift; path = TwitterConstants.swift; sourceTree = "<group>"; };
		32B58D291D171085006F9137 /* The Little Bird-Bridging-Header.h */ = {isa = PBXFileReference; lastKnownFileType = sourcecode.c.h; path = "The Little Bird-Bridging-Header.h"; sourceTree = SOURCE_ROOT; };
		32F3EDF81D15F4CF0049CDCB /* TwitterSearchTimelineTableController.swift */ = {isa = PBXFileReference; fileEncoding = 4; lastKnownFileType = sourcecode.swift; path = TwitterSearchTimelineTableController.swift; sourceTree = "<group>"; };
		5102859133E53F080F465FFD /* Pods-The Little BirdUITests.release.xcconfig */ = {isa = PBXFileReference; includeInIndex = 1; lastKnownFileType = text.xcconfig; name = "Pods-The Little BirdUITests.release.xcconfig"; path = "Pods/Target Support Files/Pods-The Little BirdUITests/Pods-The Little BirdUITests.release.xcconfig"; sourceTree = "<group>"; };
		524D351B1D1B1252723D5C76 /* Pods-The Little Bird.debug.xcconfig */ = {isa = PBXFileReference; includeInIndex = 1; lastKnownFileType = text.xcconfig; name = "Pods-The Little Bird.debug.xcconfig"; path = "Pods/Target Support Files/Pods-The Little Bird/Pods-The Little Bird.debug.xcconfig"; sourceTree = "<group>"; };
		61E6247B93C357AE41095698 /* Pods_The_Little_BirdUITests.framework */ = {isa = PBXFileReference; explicitFileType = wrapper.framework; includeInIndex = 0; path = Pods_The_Little_BirdUITests.framework; sourceTree = BUILT_PRODUCTS_DIR; };
		BF1E96C0160BCAD5DEFF26F4 /* Pods-The Little Bird.release.xcconfig */ = {isa = PBXFileReference; includeInIndex = 1; lastKnownFileType = text.xcconfig; name = "Pods-The Little Bird.release.xcconfig"; path = "Pods/Target Support Files/Pods-The Little Bird/Pods-The Little Bird.release.xcconfig"; sourceTree = "<group>"; };
		CB0B9559B31FC310BD2580EE /* Pods-The Little BirdTests.debug.xcconfig */ = {isa = PBXFileReference; includeInIndex = 1; lastKnownFileType = text.xcconfig; name = "Pods-The Little BirdTests.debug.xcconfig"; path = "Pods/Target Support Files/Pods-The Little BirdTests/Pods-The Little BirdTests.debug.xcconfig"; sourceTree = "<group>"; };
		F30CD5063641065C2C76A4E9 /* Pods-The Little BirdTests.release.xcconfig */ = {isa = PBXFileReference; includeInIndex = 1; lastKnownFileType = text.xcconfig; name = "Pods-The Little BirdTests.release.xcconfig"; path = "Pods/Target Support Files/Pods-The Little BirdTests/Pods-The Little BirdTests.release.xcconfig"; sourceTree = "<group>"; };
		FB291549643F0B6CA8E6159E /* Pods-The Little BirdUITests.debug.xcconfig */ = {isa = PBXFileReference; includeInIndex = 1; lastKnownFileType = text.xcconfig; name = "Pods-The Little BirdUITests.debug.xcconfig"; path = "Pods/Target Support Files/Pods-The Little BirdUITests/Pods-The Little BirdUITests.debug.xcconfig"; sourceTree = "<group>"; };
/* End PBXFileReference section */

/* Begin PBXFrameworksBuildPhase section */
		327A03B21D151E0400436825 /* Frameworks */ = {
			isa = PBXFrameworksBuildPhase;
			buildActionMask = 2147483647;
			files = (
				AD80CB544C4BCB3E75A63053 /* Pods_The_Little_Bird.framework in Frameworks */,
			);
			runOnlyForDeploymentPostprocessing = 0;
		};
		327A03C61D151E0400436825 /* Frameworks */ = {
			isa = PBXFrameworksBuildPhase;
			buildActionMask = 2147483647;
			files = (
				53483C5D5BC6C0FB76FB1A2A /* Pods_The_Little_BirdTests.framework in Frameworks */,
			);
			runOnlyForDeploymentPostprocessing = 0;
		};
		327A03D11D151E0400436825 /* Frameworks */ = {
			isa = PBXFrameworksBuildPhase;
			buildActionMask = 2147483647;
			files = (
				6BB15376AD2A8270DCD5E78D /* Pods_The_Little_BirdUITests.framework in Frameworks */,
			);
			runOnlyForDeploymentPostprocessing = 0;
		};
/* End PBXFrameworksBuildPhase section */

/* Begin PBXGroup section */
		0101EB90355897C8E27D5F02 /* Pods */ = {
			isa = PBXGroup;
			children = (
				524D351B1D1B1252723D5C76 /* Pods-The Little Bird.debug.xcconfig */,
				BF1E96C0160BCAD5DEFF26F4 /* Pods-The Little Bird.release.xcconfig */,
				CB0B9559B31FC310BD2580EE /* Pods-The Little BirdTests.debug.xcconfig */,
				F30CD5063641065C2C76A4E9 /* Pods-The Little BirdTests.release.xcconfig */,
				FB291549643F0B6CA8E6159E /* Pods-The Little BirdUITests.debug.xcconfig */,
				5102859133E53F080F465FFD /* Pods-The Little BirdUITests.release.xcconfig */,
			);
			name = Pods;
			sourceTree = "<group>";
		};
		327A03AC1D151E0300436825 = {
			isa = PBXGroup;
			children = (
				327A03B71D151E0400436825 /* The Little Bird */,
				327A03CC1D151E0400436825 /* The Little BirdTests */,
				327A03D71D151E0400436825 /* The Little BirdUITests */,
				327A03B61D151E0400436825 /* Products */,
				0101EB90355897C8E27D5F02 /* Pods */,
				E8D00E994C5C265B59F74F2D /* Frameworks */,
			);
			sourceTree = "<group>";
		};
		327A03B61D151E0400436825 /* Products */ = {
			isa = PBXGroup;
			children = (
				327A03B51D151E0400436825 /* The Little Bird.app */,
				327A03C91D151E0400436825 /* The Little BirdTests.xctest */,
				327A03D41D151E0400436825 /* The Little BirdUITests.xctest */,
			);
			name = Products;
			sourceTree = "<group>";
		};
		327A03B71D151E0400436825 /* The Little Bird */ = {
			isa = PBXGroup;
			children = (
				327A03B81D151E0400436825 /* AppDelegate.swift */,
				327A03F01D151E4D00436825 /* Model */,
				327A03F31D151E6800436825 /* View */,
				327A03F61D151EBC00436825 /* Controller */,
				327A03F41D151E7E00436825 /* Assets */,
				327A03F51D151E9800436825 /* Supporting Files */,
			);
			path = "The Little Bird";
			sourceTree = "<group>";
		};
		327A03CC1D151E0400436825 /* The Little BirdTests */ = {
			isa = PBXGroup;
			children = (
				327A03CD1D151E0400436825 /* The_Little_BirdTests.swift */,
				327A03CF1D151E0400436825 /* Info.plist */,
			);
			path = "The Little BirdTests";
			sourceTree = "<group>";
		};
		327A03D71D151E0400436825 /* The Little BirdUITests */ = {
			isa = PBXGroup;
			children = (
				327A03D81D151E0400436825 /* The_Little_BirdUITests.swift */,
				327A03DA1D151E0400436825 /* Info.plist */,
			);
			path = "The Little BirdUITests";
			sourceTree = "<group>";
		};
		327A03EE1D151E3300436825 /* Twitter */ = {
			isa = PBXGroup;
			children = (
				327A04051D1522C300436825 /* TwitterClient.swift */,
				327A04071D1522CE00436825 /* TwitterConstants.swift */,
			);
			name = Twitter;
			sourceTree = "<group>";
		};
		327A03EF1D151E3B00436825 /* Client */ = {
			isa = PBXGroup;
			children = (
				327A03EE1D151E3300436825 /* Twitter */,
			);
			name = Client;
			sourceTree = "<group>";
		};
		327A03F01D151E4D00436825 /* Model */ = {
			isa = PBXGroup;
			children = (
				327A03EF1D151E3B00436825 /* Client */,
			);
			name = Model;
			sourceTree = "<group>";
		};
		327A03F31D151E6800436825 /* View */ = {
			isa = PBXGroup;
			children = (
				327A04011D15228100436825 /* BorderedButton.swift */,
			);
			name = View;
			sourceTree = "<group>";
		};
		327A03F41D151E7E00436825 /* Assets */ = {
			isa = PBXGroup;
			children = (
				327A03BF1D151E0400436825 /* Assets.xcassets */,
				327A03BC1D151E0400436825 /* Main.storyboard */,
				327A03C11D151E0400436825 /* LaunchScreen.storyboard */,
			);
			name = Assets;
			sourceTree = "<group>";
		};
		327A03F51D151E9800436825 /* Supporting Files */ = {
			isa = PBXGroup;
			children = (
				327A03C41D151E0400436825 /* Info.plist */,
				32B58D291D171085006F9137 /* The Little Bird-Bridging-Header.h */,
			);
			name = "Supporting Files";
			sourceTree = "<group>";
		};
		327A03F61D151EBC00436825 /* Controller */ = {
			isa = PBXGroup;
			children = (
				327A03BA1D151E0400436825 /* TwitterLoginViewController.swift */,
				32F3EDF81D15F4CF0049CDCB /* TwitterSearchTimelineTableController.swift */,
			);
			name = Controller;
			sourceTree = "<group>";
		};
		E8D00E994C5C265B59F74F2D /* Frameworks */ = {
			isa = PBXGroup;
			children = (
				18319DC4F9156E3152F7E878 /* Pods_The_Little_Bird.framework */,
				1BC634315603631417F68B52 /* Pods_The_Little_BirdTests.framework */,
				61E6247B93C357AE41095698 /* Pods_The_Little_BirdUITests.framework */,
			);
			name = Frameworks;
			sourceTree = "<group>";
		};
/* End PBXGroup section */

/* Begin PBXNativeTarget section */
		327A03B41D151E0400436825 /* The Little Bird */ = {
			isa = PBXNativeTarget;
			buildConfigurationList = 327A03DD1D151E0400436825 /* Build configuration list for PBXNativeTarget "The Little Bird" */;
			buildPhases = (
				B779FA05E37208EF5EFB968D /* [CP] Check Pods Manifest.lock */,
				327A03B11D151E0400436825 /* Sources */,
				327A03B21D151E0400436825 /* Frameworks */,
				327A03B31D151E0400436825 /* Resources */,
				F83B151CD2BEA317C8585D90 /* [CP] Embed Pods Frameworks */,
				137A11DB7D791941F586DCC0 /* [CP] Copy Pods Resources */,
				320FB4C11D1894B900BF0835 /* ShellScript */,
			);
			buildRules = (
			);
			dependencies = (
			);
			name = "The Little Bird";
			productName = "The Little Bird";
			productReference = 327A03B51D151E0400436825 /* The Little Bird.app */;
			productType = "com.apple.product-type.application";
		};
		327A03C81D151E0400436825 /* The Little BirdTests */ = {
			isa = PBXNativeTarget;
			buildConfigurationList = 327A03E01D151E0400436825 /* Build configuration list for PBXNativeTarget "The Little BirdTests" */;
			buildPhases = (
				38795F227ED98C5079C38E05 /* [CP] Check Pods Manifest.lock */,
				327A03C51D151E0400436825 /* Sources */,
				327A03C61D151E0400436825 /* Frameworks */,
				327A03C71D151E0400436825 /* Resources */,
				D73169A6C14F3C73D3B2B15B /* [CP] Embed Pods Frameworks */,
				D5913C1681381D50A0A6800A /* [CP] Copy Pods Resources */,
			);
			buildRules = (
			);
			dependencies = (
				327A03CB1D151E0400436825 /* PBXTargetDependency */,
			);
			name = "The Little BirdTests";
			productName = "The Little BirdTests";
			productReference = 327A03C91D151E0400436825 /* The Little BirdTests.xctest */;
			productType = "com.apple.product-type.bundle.unit-test";
		};
		327A03D31D151E0400436825 /* The Little BirdUITests */ = {
			isa = PBXNativeTarget;
			buildConfigurationList = 327A03E31D151E0400436825 /* Build configuration list for PBXNativeTarget "The Little BirdUITests" */;
			buildPhases = (
				B6F4683DDBE3F5DA095F3DB3 /* [CP] Check Pods Manifest.lock */,
				327A03D01D151E0400436825 /* Sources */,
				327A03D11D151E0400436825 /* Frameworks */,
				327A03D21D151E0400436825 /* Resources */,
				866D6B5470EA54A60BF0746D /* [CP] Copy Pods Resources */,
			);
			buildRules = (
			);
			dependencies = (
				327A03D61D151E0400436825 /* PBXTargetDependency */,
			);
			name = "The Little BirdUITests";
			productName = "The Little BirdUITests";
			productReference = 327A03D41D151E0400436825 /* The Little BirdUITests.xctest */;
			productType = "com.apple.product-type.bundle.ui-testing";
		};
/* End PBXNativeTarget section */

/* Begin PBXProject section */
		327A03AD1D151E0300436825 /* Project object */ = {
			isa = PBXProject;
			attributes = {
				LastSwiftUpdateCheck = 0730;
				LastUpgradeCheck = 0730;
				ORGANIZATIONNAME = "CHIN-CHWEN TIEN";
				TargetAttributes = {
					327A03B41D151E0400436825 = {
						CreatedOnToolsVersion = 7.3.1;
						DevelopmentTeam = ZWUMSGQQ89;
					};
					327A03C81D151E0400436825 = {
						CreatedOnToolsVersion = 7.3.1;
						DevelopmentTeam = ZWUMSGQQ89;
						TestTargetID = 327A03B41D151E0400436825;
					};
					327A03D31D151E0400436825 = {
						CreatedOnToolsVersion = 7.3.1;
						DevelopmentTeam = ZWUMSGQQ89;
						TestTargetID = 327A03B41D151E0400436825;
					};
				};
			};
			buildConfigurationList = 327A03B01D151E0300436825 /* Build configuration list for PBXProject "The Little Bird" */;
			compatibilityVersion = "Xcode 6.3";
			developmentRegion = English;
			hasScannedForEncodings = 0;
			knownRegions = (
				en,
				Base,
			);
			mainGroup = 327A03AC1D151E0300436825;
			productRefGroup = 327A03B61D151E0400436825 /* Products */;
			projectDirPath = "";
			projectRoot = "";
			targets = (
				327A03B41D151E0400436825 /* The Little Bird */,
				327A03C81D151E0400436825 /* The Little BirdTests */,
				327A03D31D151E0400436825 /* The Little BirdUITests */,
			);
		};
/* End PBXProject section */

/* Begin PBXResourcesBuildPhase section */
		327A03B31D151E0400436825 /* Resources */ = {
			isa = PBXResourcesBuildPhase;
			buildActionMask = 2147483647;
			files = (
				327A03C31D151E0400436825 /* LaunchScreen.storyboard in Resources */,
				327A03C01D151E0400436825 /* Assets.xcassets in Resources */,
				327A03BE1D151E0400436825 /* Main.storyboard in Resources */,
			);
			runOnlyForDeploymentPostprocessing = 0;
		};
		327A03C71D151E0400436825 /* Resources */ = {
			isa = PBXResourcesBuildPhase;
			buildActionMask = 2147483647;
			files = (
			);
			runOnlyForDeploymentPostprocessing = 0;
		};
		327A03D21D151E0400436825 /* Resources */ = {
			isa = PBXResourcesBuildPhase;
			buildActionMask = 2147483647;
			files = (
			);
			runOnlyForDeploymentPostprocessing = 0;
		};
/* End PBXResourcesBuildPhase section */

/* Begin PBXShellScriptBuildPhase section */
		137A11DB7D791941F586DCC0 /* [CP] Copy Pods Resources */ = {
			isa = PBXShellScriptBuildPhase;
			buildActionMask = 2147483647;
			files = (
			);
			inputPaths = (
			);
			name = "[CP] Copy Pods Resources";
			outputPaths = (
			);
			runOnlyForDeploymentPostprocessing = 0;
			shellPath = /bin/sh;
			shellScript = "\"${SRCROOT}/Pods/Target Support Files/Pods-The Little Bird/Pods-The Little Bird-resources.sh\"\n";
			showEnvVarsInLog = 0;
		};
		320FB4C11D1894B900BF0835 /* ShellScript */ = {
			isa = PBXShellScriptBuildPhase;
			buildActionMask = 2147483647;
			files = (
			);
			inputPaths = (
			);
			outputPaths = (
			);
			runOnlyForDeploymentPostprocessing = 0;
			shellPath = /bin/sh;
			shellScript = "\"${PODS_ROOT}/Fabric/run\" 9a578135e38115b991cf31eaac63dfbc6201a63d bf3442fd042870f59d92f7425b8c8573ee3bc3e241938b8c5fb3bd71125110f3";
		};
		38795F227ED98C5079C38E05 /* [CP] Check Pods Manifest.lock */ = {
			isa = PBXShellScriptBuildPhase;
			buildActionMask = 2147483647;
			files = (
			);
			inputPaths = (
			);
			name = "[CP] Check Pods Manifest.lock";
			outputPaths = (
			);
			runOnlyForDeploymentPostprocessing = 0;
			shellPath = /bin/sh;
			shellScript = "diff \"${PODS_ROOT}/../Podfile.lock\" \"${PODS_ROOT}/Manifest.lock\" > /dev/null\nif [[ $? != 0 ]] ; then\n    cat << EOM\nerror: The sandbox is not in sync with the Podfile.lock. Run 'pod install' or update your CocoaPods installation.\nEOM\n    exit 1\nfi\n";
			showEnvVarsInLog = 0;
		};
		866D6B5470EA54A60BF0746D /* [CP] Copy Pods Resources */ = {
			isa = PBXShellScriptBuildPhase;
			buildActionMask = 2147483647;
			files = (
			);
			inputPaths = (
			);
			name = "[CP] Copy Pods Resources";
			outputPaths = (
			);
			runOnlyForDeploymentPostprocessing = 0;
			shellPath = /bin/sh;
			shellScript = "\"${SRCROOT}/Pods/Target Support Files/Pods-The Little BirdUITests/Pods-The Little BirdUITests-resources.sh\"\n";
			showEnvVarsInLog = 0;
		};
		B6F4683DDBE3F5DA095F3DB3 /* [CP] Check Pods Manifest.lock */ = {
			isa = PBXShellScriptBuildPhase;
			buildActionMask = 2147483647;
			files = (
			);
			inputPaths = (
			);
			name = "[CP] Check Pods Manifest.lock";
			outputPaths = (
			);
			runOnlyForDeploymentPostprocessing = 0;
			shellPath = /bin/sh;
			shellScript = "diff \"${PODS_ROOT}/../Podfile.lock\" \"${PODS_ROOT}/Manifest.lock\" > /dev/null\nif [[ $? != 0 ]] ; then\n    cat << EOM\nerror: The sandbox is not in sync with the Podfile.lock. Run 'pod install' or update your CocoaPods installation.\nEOM\n    exit 1\nfi\n";
			showEnvVarsInLog = 0;
		};
		B779FA05E37208EF5EFB968D /* [CP] Check Pods Manifest.lock */ = {
			isa = PBXShellScriptBuildPhase;
			buildActionMask = 2147483647;
			files = (
			);
			inputPaths = (
			);
			name = "[CP] Check Pods Manifest.lock";
			outputPaths = (
			);
			runOnlyForDeploymentPostprocessing = 0;
			shellPath = /bin/sh;
			shellScript = "diff \"${PODS_ROOT}/../Podfile.lock\" \"${PODS_ROOT}/Manifest.lock\" > /dev/null\nif [[ $? != 0 ]] ; then\n    cat << EOM\nerror: The sandbox is not in sync with the Podfile.lock. Run 'pod install' or update your CocoaPods installation.\nEOM\n    exit 1\nfi\n";
			showEnvVarsInLog = 0;
		};
		D5913C1681381D50A0A6800A /* [CP] Copy Pods Resources */ = {
			isa = PBXShellScriptBuildPhase;
			buildActionMask = 2147483647;
			files = (
			);
			inputPaths = (
			);
			name = "[CP] Copy Pods Resources";
			outputPaths = (
			);
			runOnlyForDeploymentPostprocessing = 0;
			shellPath = /bin/sh;
			shellScript = "\"${SRCROOT}/Pods/Target Support Files/Pods-The Little BirdTests/Pods-The Little BirdTests-resources.sh\"\n";
			showEnvVarsInLog = 0;
		};
		D73169A6C14F3C73D3B2B15B /* [CP] Embed Pods Frameworks */ = {
			isa = PBXShellScriptBuildPhase;
			buildActionMask = 2147483647;
			files = (
			);
			inputPaths = (
			);
			name = "[CP] Embed Pods Frameworks";
			outputPaths = (
			);
			runOnlyForDeploymentPostprocessing = 0;
			shellPath = /bin/sh;
			shellScript = "\"${SRCROOT}/Pods/Target Support Files/Pods-The Little BirdTests/Pods-The Little BirdTests-frameworks.sh\"\n";
			showEnvVarsInLog = 0;
		};
		F83B151CD2BEA317C8585D90 /* [CP] Embed Pods Frameworks */ = {
			isa = PBXShellScriptBuildPhase;
			buildActionMask = 2147483647;
			files = (
			);
			inputPaths = (
			);
			name = "[CP] Embed Pods Frameworks";
			outputPaths = (
			);
			runOnlyForDeploymentPostprocessing = 0;
			shellPath = /bin/sh;
			shellScript = "\"${SRCROOT}/Pods/Target Support Files/Pods-The Little Bird/Pods-The Little Bird-frameworks.sh\"\n";
			showEnvVarsInLog = 0;
		};
/* End PBXShellScriptBuildPhase section */

/* Begin PBXSourcesBuildPhase section */
		327A03B11D151E0400436825 /* Sources */ = {
			isa = PBXSourcesBuildPhase;
			buildActionMask = 2147483647;
			files = (
				327A04081D1522CE00436825 /* TwitterConstants.swift in Sources */,
				327A03BB1D151E0400436825 /* TwitterLoginViewController.swift in Sources */,
				327A03B91D151E0400436825 /* AppDelegate.swift in Sources */,
				327A04061D1522C300436825 /* TwitterClient.swift in Sources */,
				32F3EDF91D15F4CF0049CDCB /* TwitterSearchTimelineTableController.swift in Sources */,
				327A04021D15228100436825 /* BorderedButton.swift in Sources */,
			);
			runOnlyForDeploymentPostprocessing = 0;
		};
		327A03C51D151E0400436825 /* Sources */ = {
			isa = PBXSourcesBuildPhase;
			buildActionMask = 2147483647;
			files = (
				327A03CE1D151E0400436825 /* The_Little_BirdTests.swift in Sources */,
			);
			runOnlyForDeploymentPostprocessing = 0;
		};
		327A03D01D151E0400436825 /* Sources */ = {
			isa = PBXSourcesBuildPhase;
			buildActionMask = 2147483647;
			files = (
				327A03D91D151E0400436825 /* The_Little_BirdUITests.swift in Sources */,
			);
			runOnlyForDeploymentPostprocessing = 0;
		};
/* End PBXSourcesBuildPhase section */

/* Begin PBXTargetDependency section */
		327A03CB1D151E0400436825 /* PBXTargetDependency */ = {
			isa = PBXTargetDependency;
			target = 327A03B41D151E0400436825 /* The Little Bird */;
			targetProxy = 327A03CA1D151E0400436825 /* PBXContainerItemProxy */;
		};
		327A03D61D151E0400436825 /* PBXTargetDependency */ = {
			isa = PBXTargetDependency;
			target = 327A03B41D151E0400436825 /* The Little Bird */;
			targetProxy = 327A03D51D151E0400436825 /* PBXContainerItemProxy */;
		};
/* End PBXTargetDependency section */

/* Begin PBXVariantGroup section */
		327A03BC1D151E0400436825 /* Main.storyboard */ = {
			isa = PBXVariantGroup;
			children = (
				327A03BD1D151E0400436825 /* Base */,
			);
			name = Main.storyboard;
			sourceTree = "<group>";
		};
		327A03C11D151E0400436825 /* LaunchScreen.storyboard */ = {
			isa = PBXVariantGroup;
			children = (
				327A03C21D151E0400436825 /* Base */,
			);
			name = LaunchScreen.storyboard;
			sourceTree = "<group>";
		};
/* End PBXVariantGroup section */

/* Begin XCBuildConfiguration section */
		327A03DB1D151E0400436825 /* Debug */ = {
			isa = XCBuildConfiguration;
			buildSettings = {
				ALWAYS_SEARCH_USER_PATHS = NO;
				CLANG_ANALYZER_NONNULL = YES;
				CLANG_CXX_LANGUAGE_STANDARD = "gnu++0x";
				CLANG_CXX_LIBRARY = "libc++";
				CLANG_ENABLE_MODULES = YES;
				CLANG_ENABLE_OBJC_ARC = YES;
				CLANG_WARN_BOOL_CONVERSION = YES;
				CLANG_WARN_CONSTANT_CONVERSION = YES;
				CLANG_WARN_DIRECT_OBJC_ISA_USAGE = YES_ERROR;
				CLANG_WARN_EMPTY_BODY = YES;
				CLANG_WARN_ENUM_CONVERSION = YES;
				CLANG_WARN_INT_CONVERSION = YES;
				CLANG_WARN_OBJC_ROOT_CLASS = YES_ERROR;
				CLANG_WARN_UNREACHABLE_CODE = YES;
				CLANG_WARN__DUPLICATE_METHOD_MATCH = YES;
				"CODE_SIGN_IDENTITY[sdk=iphoneos*]" = "iPhone Developer";
				COPY_PHASE_STRIP = NO;
				DEBUG_INFORMATION_FORMAT = dwarf;
				ENABLE_STRICT_OBJC_MSGSEND = YES;
				ENABLE_TESTABILITY = YES;
				GCC_C_LANGUAGE_STANDARD = gnu99;
				GCC_DYNAMIC_NO_PIC = NO;
				GCC_NO_COMMON_BLOCKS = YES;
				GCC_OPTIMIZATION_LEVEL = 0;
				GCC_PREPROCESSOR_DEFINITIONS = (
					"DEBUG=1",
					"$(inherited)",
				);
				GCC_WARN_64_TO_32_BIT_CONVERSION = YES;
				GCC_WARN_ABOUT_RETURN_TYPE = YES_ERROR;
				GCC_WARN_UNDECLARED_SELECTOR = YES;
				GCC_WARN_UNINITIALIZED_AUTOS = YES_AGGRESSIVE;
				GCC_WARN_UNUSED_FUNCTION = YES;
				GCC_WARN_UNUSED_VARIABLE = YES;
				IPHONEOS_DEPLOYMENT_TARGET = 9.3;
				MTL_ENABLE_DEBUG_INFO = YES;
				ONLY_ACTIVE_ARCH = YES;
				SDKROOT = iphoneos;
				SWIFT_OPTIMIZATION_LEVEL = "-Onone";
			};
			name = Debug;
		};
		327A03DC1D151E0400436825 /* Release */ = {
			isa = XCBuildConfiguration;
			buildSettings = {
				ALWAYS_SEARCH_USER_PATHS = NO;
				CLANG_ANALYZER_NONNULL = YES;
				CLANG_CXX_LANGUAGE_STANDARD = "gnu++0x";
				CLANG_CXX_LIBRARY = "libc++";
				CLANG_ENABLE_MODULES = YES;
				CLANG_ENABLE_OBJC_ARC = YES;
				CLANG_WARN_BOOL_CONVERSION = YES;
				CLANG_WARN_CONSTANT_CONVERSION = YES;
				CLANG_WARN_DIRECT_OBJC_ISA_USAGE = YES_ERROR;
				CLANG_WARN_EMPTY_BODY = YES;
				CLANG_WARN_ENUM_CONVERSION = YES;
				CLANG_WARN_INT_CONVERSION = YES;
				CLANG_WARN_OBJC_ROOT_CLASS = YES_ERROR;
				CLANG_WARN_UNREACHABLE_CODE = YES;
				CLANG_WARN__DUPLICATE_METHOD_MATCH = YES;
				"CODE_SIGN_IDENTITY[sdk=iphoneos*]" = "iPhone Developer";
				COPY_PHASE_STRIP = NO;
				DEBUG_INFORMATION_FORMAT = "dwarf-with-dsym";
				ENABLE_NS_ASSERTIONS = NO;
				ENABLE_STRICT_OBJC_MSGSEND = YES;
				GCC_C_LANGUAGE_STANDARD = gnu99;
				GCC_NO_COMMON_BLOCKS = YES;
				GCC_WARN_64_TO_32_BIT_CONVERSION = YES;
				GCC_WARN_ABOUT_RETURN_TYPE = YES_ERROR;
				GCC_WARN_UNDECLARED_SELECTOR = YES;
				GCC_WARN_UNINITIALIZED_AUTOS = YES_AGGRESSIVE;
				GCC_WARN_UNUSED_FUNCTION = YES;
				GCC_WARN_UNUSED_VARIABLE = YES;
				IPHONEOS_DEPLOYMENT_TARGET = 9.3;
				MTL_ENABLE_DEBUG_INFO = NO;
				SDKROOT = iphoneos;
				VALIDATE_PRODUCT = YES;
			};
			name = Release;
		};
		327A03DE1D151E0400436825 /* Debug */ = {
			isa = XCBuildConfiguration;
			baseConfigurationReference = 524D351B1D1B1252723D5C76 /* Pods-The Little Bird.debug.xcconfig */;
			buildSettings = {
				ASSETCATALOG_COMPILER_APPICON_NAME = AppIcon;
				CLANG_ENABLE_MODULES = YES;
				DEBUG_INFORMATION_FORMAT = "dwarf-with-dsym";
				EMBEDDED_CONTENT_CONTAINS_SWIFT = NO;
				FRAMEWORK_SEARCH_PATHS = (
					"$(inherited)",
					"$(PROJECT_DIR)",
				);
				INFOPLIST_FILE = "The Little Bird/Info.plist";
				LD_RUNPATH_SEARCH_PATHS = "$(inherited) @executable_path/Frameworks";
				PRODUCT_BUNDLE_IDENTIFIER = "com.CHIN-CHWEN-TIEN.The-Little-Bird";
				PRODUCT_NAME = "$(TARGET_NAME)";
				SWIFT_OBJC_BRIDGING_HEADER = "The Little Bird-Bridging-Header.h";
				SWIFT_OPTIMIZATION_LEVEL = "-Onone";
			};
			name = Debug;
		};
		327A03DF1D151E0400436825 /* Release */ = {
			isa = XCBuildConfiguration;
			baseConfigurationReference = BF1E96C0160BCAD5DEFF26F4 /* Pods-The Little Bird.release.xcconfig */;
			buildSettings = {
				ASSETCATALOG_COMPILER_APPICON_NAME = AppIcon;
				CLANG_ENABLE_MODULES = YES;
				EMBEDDED_CONTENT_CONTAINS_SWIFT = NO;
				FRAMEWORK_SEARCH_PATHS = (
					"$(inherited)",
					"$(PROJECT_DIR)",
				);
				INFOPLIST_FILE = "The Little Bird/Info.plist";
				LD_RUNPATH_SEARCH_PATHS = "$(inherited) @executable_path/Frameworks";
				PRODUCT_BUNDLE_IDENTIFIER = "com.CHIN-CHWEN-TIEN.The-Little-Bird";
				PRODUCT_NAME = "$(TARGET_NAME)";
				SWIFT_OBJC_BRIDGING_HEADER = "The Little Bird-Bridging-Header.h";
				SWIFT_OPTIMIZATION_LEVEL = "-O";
			};
			name = Release;
		};
		327A03E11D151E0400436825 /* Debug */ = {
			isa = XCBuildConfiguration;
			baseConfigurationReference = CB0B9559B31FC310BD2580EE /* Pods-The Little BirdTests.debug.xcconfig */;
			buildSettings = {
				BUNDLE_LOADER = "$(TEST_HOST)";
				INFOPLIST_FILE = "The Little BirdTests/Info.plist";
				LD_RUNPATH_SEARCH_PATHS = "$(inherited) @executable_path/Frameworks @loader_path/Frameworks";
				PRODUCT_BUNDLE_IDENTIFIER = "com.CHIN-CHWEN-TIEN.The-Little-BirdTests";
				PRODUCT_NAME = "$(TARGET_NAME)";
				TEST_HOST = "$(BUILT_PRODUCTS_DIR)/The Little Bird.app/The Little Bird";
			};
			name = Debug;
		};
		327A03E21D151E0400436825 /* Release */ = {
			isa = XCBuildConfiguration;
			baseConfigurationReference = F30CD5063641065C2C76A4E9 /* Pods-The Little BirdTests.release.xcconfig */;
			buildSettings = {
				BUNDLE_LOADER = "$(TEST_HOST)";
				INFOPLIST_FILE = "The Little BirdTests/Info.plist";
				LD_RUNPATH_SEARCH_PATHS = "$(inherited) @executable_path/Frameworks @loader_path/Frameworks";
				PRODUCT_BUNDLE_IDENTIFIER = "com.CHIN-CHWEN-TIEN.The-Little-BirdTests";
				PRODUCT_NAME = "$(TARGET_NAME)";
				TEST_HOST = "$(BUILT_PRODUCTS_DIR)/The Little Bird.app/The Little Bird";
			};
			name = Release;
		};
		327A03E41D151E0400436825 /* Debug */ = {
			isa = XCBuildConfiguration;
			baseConfigurationReference = FB291549643F0B6CA8E6159E /* Pods-The Little BirdUITests.debug.xcconfig */;
			buildSettings = {
				INFOPLIST_FILE = "The Little BirdUITests/Info.plist";
				LD_RUNPATH_SEARCH_PATHS = "$(inherited) @executable_path/Frameworks @loader_path/Frameworks";
				PRODUCT_BUNDLE_IDENTIFIER = "com.CHIN-CHWEN-TIEN.The-Little-BirdUITests";
				PRODUCT_NAME = "$(TARGET_NAME)";
				TEST_TARGET_NAME = "The Little Bird";
			};
			name = Debug;
		};
		327A03E51D151E0400436825 /* Release */ = {
			isa = XCBuildConfiguration;
			baseConfigurationReference = 5102859133E53F080F465FFD /* Pods-The Little BirdUITests.release.xcconfig */;
			buildSettings = {
				INFOPLIST_FILE = "The Little BirdUITests/Info.plist";
				LD_RUNPATH_SEARCH_PATHS = "$(inherited) @executable_path/Frameworks @loader_path/Frameworks";
				PRODUCT_BUNDLE_IDENTIFIER = "com.CHIN-CHWEN-TIEN.The-Little-BirdUITests";
				PRODUCT_NAME = "$(TARGET_NAME)";
				TEST_TARGET_NAME = "The Little Bird";
			};
			name = Release;
		};
/* End XCBuildConfiguration section */

/* Begin XCConfigurationList section */
		327A03B01D151E0300436825 /* Build configuration list for PBXProject "The Little Bird" */ = {
			isa = XCConfigurationList;
			buildConfigurations = (
				327A03DB1D151E0400436825 /* Debug */,
				327A03DC1D151E0400436825 /* Release */,
			);
			defaultConfigurationIsVisible = 0;
			defaultConfigurationName = Release;
		};
		327A03DD1D151E0400436825 /* Build configuration list for PBXNativeTarget "The Little Bird" */ = {
			isa = XCConfigurationList;
			buildConfigurations = (
				327A03DE1D151E0400436825 /* Debug */,
				327A03DF1D151E0400436825 /* Release */,
			);
			defaultConfigurationIsVisible = 0;
			defaultConfigurationName = Release;
		};
		327A03E01D151E0400436825 /* Build configuration list for PBXNativeTarget "The Little BirdTests" */ = {
			isa = XCConfigurationList;
			buildConfigurations = (
				327A03E11D151E0400436825 /* Debug */,
				327A03E21D151E0400436825 /* Release */,
			);
			defaultConfigurationIsVisible = 0;
			defaultConfigurationName = Release;
		};
		327A03E31D151E0400436825 /* Build configuration list for PBXNativeTarget "The Little BirdUITests" */ = {
			isa = XCConfigurationList;
			buildConfigurations = (
				327A03E41D151E0400436825 /* Debug */,
				327A03E51D151E0400436825 /* Release */,
			);
			defaultConfigurationIsVisible = 0;
			defaultConfigurationName = Release;
		};
/* End XCConfigurationList section */
	};
	rootObject = 327A03AD1D151E0300436825 /* Project object */;
}
